
Microsoft Visual Studio Solution File, Format Version 12.00
# Visual Studio Version 17
VisualStudioVersion = 17.0.31903.59
MinimumVisualStudioVersion = 10.0.40219.1
Project("{FAE04EC0-301F-11D3-BF4B-00C04F79EFBC}") = "NotebookAutomation.Core", "NotebookAutomation.Core\NotebookAutomation.Core.csproj", "{8C88F892-9B35-44C0-BCBA-60F73B18BCB9}"
EndProject
Project("{FAE04EC0-301F-11D3-BF4B-00C04F79EFBC}") = "NotebookAutomation.Cli", "NotebookAutomation.Cli\NotebookAutomation.Cli.csproj", "{4046941D-C7FE-47F2-8F20-3BB64061C586}"
EndProject
Project("{FAE04EC0-301F-11D3-BF4B-00C04F79EFBC}") = "NotebookAutomation.Tests", "NotebookAutomation.Tests\NotebookAutomation.Tests.csproj", "{F7C35E6F-355C-4487-B056-D57BC3468B04}"
EndProject
Global
	GlobalSection(SolutionConfigurationPlatforms) = preSolution
		Debug|Any CPU = Debug|Any CPU
		Debug|x64 = Debug|x64
		Debug|x86 = Debug|x86
		Release|Any CPU = Release|Any CPU
		Release|x64 = Release|x64
		Release|x86 = Release|x86
	EndGlobalSection
	GlobalSection(ProjectConfigurationPlatforms) = postSolution
		{8C88F892-9B35-44C0-BCBA-60F73B18BCB9}.Debug|Any CPU.ActiveCfg = Debug|Any CPU
		{8C88F892-9B35-44C0-BCBA-60F73B18BCB9}.Debug|Any CPU.Build.0 = Debug|Any CPU
		{8C88F892-9B35-44C0-BCBA-60F73B18BCB9}.Debug|x64.ActiveCfg = Debug|Any CPU
		{8C88F892-9B35-44C0-BCBA-60F73B18BCB9}.Debug|x64.Build.0 = Debug|Any CPU
		{8C88F892-9B35-44C0-BCBA-60F73B18BCB9}.Debug|x86.ActiveCfg = Debug|Any CPU
		{8C88F892-9B35-44C0-BCBA-60F73B18BCB9}.Debug|x86.Build.0 = Debug|Any CPU
		{8C88F892-9B35-44C0-BCBA-60F73B18BCB9}.Release|Any CPU.ActiveCfg = Release|Any CPU
		{8C88F892-9B35-44C0-BCBA-60F73B18BCB9}.Release|Any CPU.Build.0 = Release|Any CPU
		{8C88F892-9B35-44C0-BCBA-60F73B18BCB9}.Release|x64.ActiveCfg = Release|Any CPU
		{8C88F892-9B35-44C0-BCBA-60F73B18BCB9}.Release|x64.Build.0 = Release|Any CPU
		{8C88F892-9B35-44C0-BCBA-60F73B18BCB9}.Release|x86.ActiveCfg = Release|Any CPU
		{8C88F892-9B35-44C0-BCBA-60F73B18BCB9}.Release|x86.Build.0 = Release|Any CPU
		{4046941D-C7FE-47F2-8F20-3BB64061C586}.Debug|Any CPU.ActiveCfg = Debug|Any CPU
		{4046941D-C7FE-47F2-8F20-3BB64061C586}.Debug|Any CPU.Build.0 = Debug|Any CPU
		{4046941D-C7FE-47F2-8F20-3BB64061C586}.Debug|x64.ActiveCfg = Debug|Any CPU
		{4046941D-C7FE-47F2-8F20-3BB64061C586}.Debug|x64.Build.0 = Debug|Any CPU
		{4046941D-C7FE-47F2-8F20-3BB64061C586}.Debug|x86.ActiveCfg = Debug|Any CPU
		{4046941D-C7FE-47F2-8F20-3BB64061C586}.Debug|x86.Build.0 = Debug|Any CPU
		{4046941D-C7FE-47F2-8F20-3BB64061C586}.Release|Any CPU.ActiveCfg = Release|Any CPU
		{4046941D-C7FE-47F2-8F20-3BB64061C586}.Release|Any CPU.Build.0 = Release|Any CPU
		{4046941D-C7FE-47F2-8F20-3BB64061C586}.Release|x64.ActiveCfg = Release|Any CPU
		{4046941D-C7FE-47F2-8F20-3BB64061C586}.Release|x64.Build.0 = Release|Any CPU
		{4046941D-C7FE-47F2-8F20-3BB64061C586}.Release|x86.ActiveCfg = Release|Any CPU
		{4046941D-C7FE-47F2-8F20-3BB64061C586}.Release|x86.Build.0 = Release|Any CPU
		{F7C35E6F-355C-4487-B056-D57BC3468B04}.Debug|Any CPU.ActiveCfg = Debug|Any CPU
		{F7C35E6F-355C-4487-B056-D57BC3468B04}.Debug|Any CPU.Build.0 = Debug|Any CPU
		{F7C35E6F-355C-4487-B056-D57BC3468B04}.Debug|x64.ActiveCfg = Debug|Any CPU
		{F7C35E6F-355C-4487-B056-D57BC3468B04}.Debug|x64.Build.0 = Debug|Any CPU
		{F7C35E6F-355C-4487-B056-D57BC3468B04}.Debug|x86.ActiveCfg = Debug|Any CPU
		{F7C35E6F-355C-4487-B056-D57BC3468B04}.Debug|x86.Build.0 = Debug|Any CPU
		{F7C35E6F-355C-4487-B056-D57BC3468B04}.Release|Any CPU.ActiveCfg = Release|Any CPU
		{F7C35E6F-355C-4487-B056-D57BC3468B04}.Release|Any CPU.Build.0 = Release|Any CPU
		{F7C35E6F-355C-4487-B056-D57BC3468B04}.Release|x64.ActiveCfg = Release|Any CPU
		{F7C35E6F-355C-4487-B056-D57BC3468B04}.Release|x64.Build.0 = Release|Any CPU
		{F7C35E6F-355C-4487-B056-D57BC3468B04}.Release|x86.ActiveCfg = Release|Any CPU
		{F7C35E6F-355C-4487-B056-D57BC3468B04}.Release|x86.Build.0 = Release|Any CPU
	EndGlobalSection
	GlobalSection(SolutionProperties) = preSolution
		HideSolutionNode = FALSE
	EndGlobalSection
EndGlobal
